
Microsoft Visual Studio Solution File, Format Version 11.00
# Visual Basic Express 2010
Project("{F184B08F-C81C-45F6-A57F-5ABD9991F28F}") = "WindowsApplication1", "WindowsApplication1\WindowsApplication1.vbproj", "{41C03867-5931-4925-8C6A-7CA9FFFE5A62}"
EndProject
Global
	GlobalSection(SolutionConfigurationPlatforms) = preSolution
		Debug|x86 = Debug|x86
		Release|x86 = Release|x86
	EndGlobalSection
	GlobalSection(ProjectConfigurationPlatforms) = postSolution
		{41C03867-5931-4925-8C6A-7CA9FFFE5A62}.Debug|x86.ActiveCfg = Debug|x86
		{41C03867-5931-4925-8C6A-7CA9FFFE5A62}.Debug|x86.Build.0 = Debug|x86
		{41C03867-5931-4925-8C6A-7CA9FFFE5A62}.Release|x86.ActiveCfg = Release|x86
		{41C03867-5931-4925-8C6A-7CA9FFFE5A62}.Release|x86.Build.0 = Release|x86
	EndGlobalSection
	GlobalSection(SolutionProperties) = preSolution
		HideSolutionNode = FALSE
	EndGlobalSection
EndGlobal
